
Microsoft Visual Studio Solution File, Format Version 11.00
# Visual Studio 2010
Project("{FAE04EC0-301F-11D3-BF4B-00C04F79EFBC}") = "ContactList", "ContactList\ContactList.csproj", "{B7DE224F-B780-4B19-A80D-07020EABA5D1}"
EndProject
Global
	GlobalSection(SolutionConfigurationPlatforms) = preSolution
		Debug|x86 = Debug|x86
		Release|x86 = Release|x86
	EndGlobalSection
	GlobalSection(ProjectConfigurationPlatforms) = postSolution
		{B7DE224F-B780-4B19-A80D-07020EABA5D1}.Debug|x86.ActiveCfg = Debug|x86
		{B7DE224F-B780-4B19-A80D-07020EABA5D1}.Debug|x86.Build.0 = Debug|x86
		{B7DE224F-B780-4B19-A80D-07020EABA5D1}.Release|x86.ActiveCfg = Release|x86
		{B7DE224F-B780-4B19-A80D-07020EABA5D1}.Release|x86.Build.0 = Release|x86
	EndGlobalSection
	GlobalSection(SolutionProperties) = preSolution
		HideSolutionNode = FALSE
	EndGlobalSection
EndGlobal
